
Microsoft Visual Studio Solution File, Format Version 12.00
# Visual Studio 15
VisualStudioVersion = 15.0.28010.2046
MinimumVisualStudioVersion = 10.0.40219.1
Project("{FAE04EC0-301F-11D3-BF4B-00C04F79EFBC}") = "Yahtzee", "Yahtzee\Yahtzee.csproj", "{D9A3BF10-6B8D-4E67-83D7-A070088AA7C1}"
EndProject
Project("{FAE04EC0-301F-11D3-BF4B-00C04F79EFBC}") = "DobbesteenLib", "DobbesteenLib\DobbesteenLib.csproj", "{717F035D-3B0E-43D8-A23E-D619F6BEB750}"
EndProject
Global
	GlobalSection(SolutionConfigurationPlatforms) = preSolution
		Debug|Any CPU = Debug|Any CPU
		Release|Any CPU = Release|Any CPU
	EndGlobalSection
	GlobalSection(ProjectConfigurationPlatforms) = postSolution
		{D9A3BF10-6B8D-4E67-83D7-A070088AA7C1}.Debug|Any CPU.ActiveCfg = Debug|Any CPU
		{D9A3BF10-6B8D-4E67-83D7-A070088AA7C1}.Debug|Any CPU.Build.0 = Debug|Any CPU
		{D9A3BF10-6B8D-4E67-83D7-A070088AA7C1}.Release|Any CPU.ActiveCfg = Release|Any CPU
		{D9A3BF10-6B8D-4E67-83D7-A070088AA7C1}.Release|Any CPU.Build.0 = Release|Any CPU
		{717F035D-3B0E-43D8-A23E-D619F6BEB750}.Debug|Any CPU.ActiveCfg = Debug|Any CPU
		{717F035D-3B0E-43D8-A23E-D619F6BEB750}.Debug|Any CPU.Build.0 = Debug|Any CPU
		{717F035D-3B0E-43D8-A23E-D619F6BEB750}.Release|Any CPU.ActiveCfg = Release|Any CPU
		{717F035D-3B0E-43D8-A23E-D619F6BEB750}.Release|Any CPU.Build.0 = Release|Any CPU
	EndGlobalSection
	GlobalSection(SolutionProperties) = preSolution
		HideSolutionNode = FALSE
	EndGlobalSection
	GlobalSection(ExtensibilityGlobals) = postSolution
		SolutionGuid = {315D8770-B400-4698-9AAA-0BF987ED08B1}
	EndGlobalSection
EndGlobal
